
Microsoft Visual Studio Solution File, Format Version 12.00
# Visual Studio Version 16
VisualStudioVersion = 16.0.28727.205
MinimumVisualStudioVersion = 10.0.40219.1
Project("{2150E333-8FDC-42A3-9474-1A3956D46DE8}") = "InstrEngineTests", "InstrEngineTests", "{B4ADF020-7ACF-4A2B-B3FE-731006C1F30F}"
EndProject
Project("{9A19103F-16F7-4668-BE54-9A1E7A4F7556}") = "InstrEngineTests", "src\Tests\InstrEngineTests\InstrEngineTests\InstrEngineTests.csproj", "{DFC9E517-AF1A-4087-BB27-AD1A09602F4F}"
EndProject
Project("{8BC9CEB8-8B4A-11D0-8D11-00A0C91BC942}") = "NaglerInstrumentationMethod", "src\Tests\InstrEngineTests\NaglerInstrumentationMethod\NaglerInstrumentationMethod.vcxproj", "{939151FA-8324-4197-B5B4-EAE927BD2AEE}"
	ProjectSection(ProjectDependencies) = postProject
		{659CA07D-C239-48EF-B5F1-E8C7D96916CB} = {659CA07D-C239-48EF-B5F1-E8C7D96916CB}
	EndProjectSection
EndProject
Project("{8BC9CEB8-8B4A-11D0-8D11-00A0C91BC942}") = "InstrumentationEngine", "src\InstrumentationEngine\InstrumentationEngine.vcxproj", "{659CA07D-C239-48EF-B5F1-E8C7D96916CB}"
EndProject
Project("{8BC9CEB8-8B4A-11D0-8D11-00A0C91BC942}") = "InstrumentationEngine.Lib", "src\InstrumentationEngine.Lib\InstrumentationEngine.Lib.vcxproj", "{7507E5DD-D4D8-4617-9124-A76341004AAB}"
EndProject
Project("{8BC9CEB8-8B4A-11D0-8D11-00A0C91BC942}") = "InstrumentationEngine.Lib.Tests", "tests\InstrumentationEngine.Lib.Tests\InstrumentationEngine.Lib.Tests.vcxproj", "{91391A70-818D-442E-B847-7EA2F2C4B2C7}"
EndProject
Project("{2150E333-8FDC-42A3-9474-1A3956D46DE8}") = "Solution Items", "Solution Items", "{0574D1C6-A8BE-436A-A25F-7954F6515CDA}"
	ProjectSection(SolutionItems) = preProject
		CHANGELOG.md = CHANGELOG.md
	EndProjectSection
EndProject
Project("{8BC9CEB8-8B4A-11D0-8D11-00A0C91BC942}") = "ExtensionsCommon", "src\ExtensionsCommon\ExtensionsCommon.vcxproj", "{9D2F97F8-DE2E-4463-A425-823A755159BC}"
EndProject
Project("{8BC9CEB8-8B4A-11D0-8D11-00A0C91BC942}") = "InstrumentationEngine.Extensions.Base", "src\Extensions.Base\Extensions.Base.vcxproj", "{21036FD3-0A5B-403D-B7AF-4950ED156CC9}"
EndProject
Project("{8BC9CEB8-8B4A-11D0-8D11-00A0C91BC942}") = "Extensions.BaseLib", "src\Extensions.BaseLib\Extensions.BaseLib.vcxproj", "{B722970C-63F2-42C6-BD43-CD64EAA4B944}"
EndProject
Project("{8BC9CEB8-8B4A-11D0-8D11-00A0C91BC942}") = "TestsHostExtension", "src\TestHostExtension\TestsHostExtension.vcxproj", "{F90BBA19-0AB5-42CC-A693-584A92173EBF}"
EndProject
Project("{9A19103F-16F7-4668-BE54-9A1E7A4F7556}") = "Extensions.Base.Api", "src\Extensions.Base.Api\Extensions.Base.Api.csproj", "{0ECB9DDD-0000-0000-0000-000000000000}"
EndProject
Project("{9A19103F-16F7-4668-BE54-9A1E7A4F7556}") = "Extensions.Base.Api.Tests", "src\Extensions.Base.Api.Tests\Extensions.Base.Api.Tests.csproj", "{DC4DB76C-7BC1-4A35-9A57-44138CB68A66}"
EndProject
Project("{2150E333-8FDC-42A3-9474-1A3956D46DE8}") = "ApplicationInsightsCompatibility", "ApplicationInsightsCompatibility", "{B57B6529-7722-474E-BDF7-E4BE424E2555}"
EndProject
Project("{2150E333-8FDC-42A3-9474-1A3956D46DE8}") = "Tests", "Tests", "{D78E4349-0436-4C90-B2F3-70F19451EC16}"
EndProject
Project("{9A19103F-16F7-4668-BE54-9A1E7A4F7556}") = "Intercept.2.0.1.Tests", "tests\ApplicationInsightsCompatibility\Intercept.2.0.1.Tests\Intercept.2.0.1.Tests.csproj", "{EAD25B2C-E362-4660-A2FD-AD82B7C1FD77}"
EndProject
Project("{9A19103F-16F7-4668-BE54-9A1E7A4F7556}") = "Intercept.Latest.Tests", "tests\ApplicationInsightsCompatibility\Intercept.Latest.Tests\Intercept.Latest.Tests.csproj", "{E4D25B2C-E362-4660-A2FD-ADA2B7C1FD77}"
EndProject
Project("{D954291E-2A0B-460D-934E-DC6B0785DB48}") = "Intercept.Shared.Tests", "tests\ApplicationInsightsCompatibility\Intercept.Shared.Tests\Intercept.Shared.Tests.shproj", "{C1AAA703-5E32-45C0-A69D-F46D1C659AE4}"
EndProject
Project("{2150E333-8FDC-42A3-9474-1A3956D46DE8}") = "RawProfilerHook", "RawProfilerHook", "{7080E6B4-E73B-4D69-852A-3ADACDD4C065}"
EndProject
Project("{9A19103F-16F7-4668-BE54-9A1E7A4F7556}") = "RawProfilerHook.Tests", "tests\RawProfilerHook\RawProfilerHook.Tests\RawProfilerHook.Tests.csproj", "{278F7EB8-4AE3-4F39-BF84-D481A353478B}"
EndProject
Project("{8BC9CEB8-8B4A-11D0-8D11-00A0C91BC942}") = "RawProfilerHook", "tests\RawProfilerHook\RawProfilerHook\RawProfilerHook.vcxproj", "{AFC55CC1-567F-4C8A-A801-638A673AFEB8}"
EndProject
Project("{8BC9CEB8-8B4A-11D0-8D11-00A0C91BC942}") = "InstrumentationEngine.Api", "src\InstrumentationEngine.Api\InstrumentationEngine.Api.vcxproj", "{D68DA75E-9194-44CB-9196-FF7FDC7EA3D5}"
EndProject
Project("{9A19103F-16F7-4668-BE54-9A1E7A4F7556}") = "NativeDependencies", "src\Dependencies\NativeDependencies.csproj", "{D1F6A1A5-D8D1-44B3-B59F-6BFE236F7F46}"
EndProject
Project("{9A19103F-16F7-4668-BE54-9A1E7A4F7556}") = "LegacyDependencies", "src\Dependencies\LegacyDependencies.csproj", "{C9F8EA17-5B45-4327-8640-7F2C82217DC2}"
EndProject
Project("{8BC9CEB8-8B4A-11D0-8D11-00A0C91BC942}") = "InstrumentationEngine.ProfilerProxy", "src\InstrumentationEngine.ProfilerProxy\InstrumentationEngine.ProfilerProxy.vcxproj", "{78F69D10-7F29-4645-AD77-91A2D06FF7F4}"
EndProject
Project("{8BC9CEB8-8B4A-11D0-8D11-00A0C91BC942}") = "Common.Lib", "src\Common.Lib\Common.Lib.vcxproj", "{A0585FAB-548F-44B3-BCBE-9242CBC26A19}"
EndProject
Project("{8BC9CEB8-8B4A-11D0-8D11-00A0C91BC942}") = "InstrumentationEngine.ProfilerProxy.Tests", "tests\InstrumentationEngine.ProfilerProxy.Tests\InstrumentationEngine.ProfilerProxy.Tests.vcxproj", "{1C6954D1-1A98-4149-8D2C-B0D49D03A832}"
EndProject
Project("{8BC9CEB8-8B4A-11D0-8D11-00A0C91BC942}") = "InstrumentationEngine.ProfilerProxy.Lib", "src\InstrumentationEngine.ProfilerProxy.Lib\InstrumentationEngine.ProfilerProxy.Lib.vcxproj", "{DAB53F24-D55A-4759-B100-5B7FEFBF6D08}"
EndProject
Project("{9A19103F-16F7-4668-BE54-9A1E7A4F7556}") = "InstrumentationEngine.Attach", "src\InstrumentationEngine.Attach\InstrumentationEngine.Attach.csproj", "{8F446E35-5683-4ABF-8F42-1C8EB5797A5B}"
EndProject
Project("{9A19103F-16F7-4668-BE54-9A1E7A4F7556}") = "TestAppRunner", "src\Tests\InstrEngineTests\TestAppRunner\TestAppRunner.csproj", "{9DFAD1B4-8F6D-483D-8932-00D2D8B87708}"
EndProject
Project("{8BC9CEB8-8B4A-11D0-8D11-00A0C91BC942}") = "Common.Headers", "src\Common.Headers\Common.Headers.vcxitems", "{0D4A6CAA-80D9-4E41-859F-C14205FD45C4}"
EndProject
Project("{2150E333-8FDC-42A3-9474-1A3956D46DE8}") = "CPPLibTests", "CPPLibTests", "{CD7D46B4-FF0A-464D-A4D5-5B7E729DEB58}"
EndProject
Project("{8BC9CEB8-8B4A-11D0-8D11-00A0C91BC942}") = "CommonLibTests", "src\Tests\CommonLibTests\CommonLibTests.vcxproj", "{DF259ED5-4041-4089-8A55-D0C7E695EE3C}"
EndProject
Project("{8BC9CEB8-8B4A-11D0-8D11-00A0C91BC942}") = "InstrumentationEngineLibTests", "src\Tests\InstrumentationEngineLibTests\InstrumentationEngineLibTests.vcxproj", "{B1FFBD51-80A9-41D6-BC54-07B7E0DE7CF6}"
EndProject
Project("{9A19103F-16F7-4668-BE54-9A1E7A4F7556}") = "NativeTestDependencies", "src\Dependencies\NativeTestDependencies.csproj", "{9F97B063-5ACF-409A-8DCC-4BD9FF817D1D}"
EndProject
Project("{9A19103F-16F7-4668-BE54-9A1E7A4F7556}") = "RemoteUnitTestExecutor", "src\Tests\RemoteUnitTestExecutor\RemoteUnitTestExecutor.csproj", "{182D00C1-705F-4FF6-8620-8EEF29936C7A}"
EndProject
Project("{9A19103F-16F7-4668-BE54-9A1E7A4F7556}") = "RemoteUnitTestExecutor.Host", "src\Tests\RemoteUnitTestExecutor.Host\RemoteUnitTestExecutor.Host.csproj", "{F356AF58-F432-415D-BE13-44228F265CEF}"
EndProject
Global
	GlobalSection(SharedMSBuildProjectFiles) = preSolution
		src\Common.Headers\Common.Headers.vcxitems*{0d4a6caa-80d9-4e41-859f-c14205fd45c4}*SharedItemsImports = 9
		tests\ApplicationInsightsCompatibility\Intercept.Shared.Tests\Shared.projitems*{c1aaa703-5e32-45c0-a69d-f46d1c659ae4}*SharedItemsImports = 13
		tests\ApplicationInsightsCompatibility\Intercept.Shared.Tests\Shared.projitems*{e4d25b2c-e362-4660-a2fd-ada2b7c1fd77}*SharedItemsImports = 5
		tests\ApplicationInsightsCompatibility\Intercept.Shared.Tests\Shared.projitems*{ead25b2c-e362-4660-a2fd-ad82b7c1fd77}*SharedItemsImports = 5
	EndGlobalSection
	GlobalSection(SolutionConfigurationPlatforms) = preSolution
		CodeAnalysis.Managed|Any CPU = CodeAnalysis.Managed|Any CPU
		CodeAnalysis.Managed|x64 = CodeAnalysis.Managed|x64
		CodeAnalysis.Managed|x86 = CodeAnalysis.Managed|x86
		CodeAnalysis.Native|Any CPU = CodeAnalysis.Native|Any CPU
		CodeAnalysis.Native|x64 = CodeAnalysis.Native|x64
		CodeAnalysis.Native|x86 = CodeAnalysis.Native|x86
		Debug|Any CPU = Debug|Any CPU
		Debug|x64 = Debug|x64
		Debug|x86 = Debug|x86
		Release|Any CPU = Release|Any CPU
		Release|x64 = Release|x64
		Release|x86 = Release|x86
	EndGlobalSection
	GlobalSection(ProjectConfigurationPlatforms) = postSolution
		{DFC9E517-AF1A-4087-BB27-AD1A09602F4F}.CodeAnalysis.Managed|Any CPU.ActiveCfg = Release|Any CPU
		{DFC9E517-AF1A-4087-BB27-AD1A09602F4F}.CodeAnalysis.Managed|Any CPU.Build.0 = Release|Any CPU
		{DFC9E517-AF1A-4087-BB27-AD1A09602F4F}.CodeAnalysis.Managed|x64.ActiveCfg = Release|Any CPU
		{DFC9E517-AF1A-4087-BB27-AD1A09602F4F}.CodeAnalysis.Managed|x86.ActiveCfg = Release|Any CPU
		{DFC9E517-AF1A-4087-BB27-AD1A09602F4F}.CodeAnalysis.Native|Any CPU.ActiveCfg = Release|Any CPU
		{DFC9E517-AF1A-4087-BB27-AD1A09602F4F}.CodeAnalysis.Native|x64.ActiveCfg = Release|Any CPU
		{DFC9E517-AF1A-4087-BB27-AD1A09602F4F}.CodeAnalysis.Native|x86.ActiveCfg = Release|Any CPU
		{DFC9E517-AF1A-4087-BB27-AD1A09602F4F}.Debug|Any CPU.ActiveCfg = Debug|Any CPU
		{DFC9E517-AF1A-4087-BB27-AD1A09602F4F}.Debug|Any CPU.Build.0 = Debug|Any CPU
		{DFC9E517-AF1A-4087-BB27-AD1A09602F4F}.Debug|x64.ActiveCfg = Debug|Any CPU
		{DFC9E517-AF1A-4087-BB27-AD1A09602F4F}.Debug|x86.ActiveCfg = Debug|Any CPU
		{DFC9E517-AF1A-4087-BB27-AD1A09602F4F}.Release|Any CPU.ActiveCfg = Release|Any CPU
		{DFC9E517-AF1A-4087-BB27-AD1A09602F4F}.Release|Any CPU.Build.0 = Release|Any CPU
		{DFC9E517-AF1A-4087-BB27-AD1A09602F4F}.Release|x64.ActiveCfg = Release|Any CPU
		{DFC9E517-AF1A-4087-BB27-AD1A09602F4F}.Release|x86.ActiveCfg = Release|Any CPU
		{939151FA-8324-4197-B5B4-EAE927BD2AEE}.CodeAnalysis.Managed|Any CPU.ActiveCfg = Release|Win32
		{939151FA-8324-4197-B5B4-EAE927BD2AEE}.CodeAnalysis.Managed|x64.ActiveCfg = Release|x64
		{939151FA-8324-4197-B5B4-EAE927BD2AEE}.CodeAnalysis.Managed|x86.ActiveCfg = Release|Win32
		{939151FA-8324-4197-B5B4-EAE927BD2AEE}.CodeAnalysis.Native|Any CPU.ActiveCfg = Release|Win32
		{939151FA-8324-4197-B5B4-EAE927BD2AEE}.CodeAnalysis.Native|x64.ActiveCfg = Release|x64
		{939151FA-8324-4197-B5B4-EAE927BD2AEE}.CodeAnalysis.Native|x64.Build.0 = Release|x64
		{939151FA-8324-4197-B5B4-EAE927BD2AEE}.CodeAnalysis.Native|x86.ActiveCfg = Release|Win32
		{939151FA-8324-4197-B5B4-EAE927BD2AEE}.CodeAnalysis.Native|x86.Build.0 = Release|Win32
		{939151FA-8324-4197-B5B4-EAE927BD2AEE}.Debug|Any CPU.ActiveCfg = Debug|Win32
		{939151FA-8324-4197-B5B4-EAE927BD2AEE}.Debug|x64.ActiveCfg = Debug|x64
		{939151FA-8324-4197-B5B4-EAE927BD2AEE}.Debug|x64.Build.0 = Debug|x64
		{939151FA-8324-4197-B5B4-EAE927BD2AEE}.Debug|x86.ActiveCfg = Debug|Win32
		{939151FA-8324-4197-B5B4-EAE927BD2AEE}.Debug|x86.Build.0 = Debug|Win32
		{939151FA-8324-4197-B5B4-EAE927BD2AEE}.Release|Any CPU.ActiveCfg = Release|Win32
		{939151FA-8324-4197-B5B4-EAE927BD2AEE}.Release|x64.ActiveCfg = Release|x64
		{939151FA-8324-4197-B5B4-EAE927BD2AEE}.Release|x64.Build.0 = Release|x64
		{939151FA-8324-4197-B5B4-EAE927BD2AEE}.Release|x86.ActiveCfg = Release|Win32
		{939151FA-8324-4197-B5B4-EAE927BD2AEE}.Release|x86.Build.0 = Release|Win32
		{659CA07D-C239-48EF-B5F1-E8C7D96916CB}.CodeAnalysis.Managed|Any CPU.ActiveCfg = Release|Win32
		{659CA07D-C239-48EF-B5F1-E8C7D96916CB}.CodeAnalysis.Managed|x64.ActiveCfg = Release|x64
		{659CA07D-C239-48EF-B5F1-E8C7D96916CB}.CodeAnalysis.Managed|x86.ActiveCfg = Release|Win32
		{659CA07D-C239-48EF-B5F1-E8C7D96916CB}.CodeAnalysis.Native|Any CPU.ActiveCfg = Release|Win32
		{659CA07D-C239-48EF-B5F1-E8C7D96916CB}.CodeAnalysis.Native|x64.ActiveCfg = Release|x64
		{659CA07D-C239-48EF-B5F1-E8C7D96916CB}.CodeAnalysis.Native|x64.Build.0 = Release|x64
		{659CA07D-C239-48EF-B5F1-E8C7D96916CB}.CodeAnalysis.Native|x86.ActiveCfg = Release|Win32
		{659CA07D-C239-48EF-B5F1-E8C7D96916CB}.CodeAnalysis.Native|x86.Build.0 = Release|Win32
		{659CA07D-C239-48EF-B5F1-E8C7D96916CB}.Debug|Any CPU.ActiveCfg = Debug|Win32
		{659CA07D-C239-48EF-B5F1-E8C7D96916CB}.Debug|x64.ActiveCfg = Debug|x64
		{659CA07D-C239-48EF-B5F1-E8C7D96916CB}.Debug|x64.Build.0 = Debug|x64
		{659CA07D-C239-48EF-B5F1-E8C7D96916CB}.Debug|x86.ActiveCfg = Debug|Win32
		{659CA07D-C239-48EF-B5F1-E8C7D96916CB}.Debug|x86.Build.0 = Debug|Win32
		{659CA07D-C239-48EF-B5F1-E8C7D96916CB}.Release|Any CPU.ActiveCfg = Release|Win32
		{659CA07D-C239-48EF-B5F1-E8C7D96916CB}.Release|x64.ActiveCfg = Release|x64
		{659CA07D-C239-48EF-B5F1-E8C7D96916CB}.Release|x64.Build.0 = Release|x64
		{659CA07D-C239-48EF-B5F1-E8C7D96916CB}.Release|x86.ActiveCfg = Release|Win32
		{659CA07D-C239-48EF-B5F1-E8C7D96916CB}.Release|x86.Build.0 = Release|Win32
		{7507E5DD-D4D8-4617-9124-A76341004AAB}.CodeAnalysis.Managed|Any CPU.ActiveCfg = Release|Win32
		{7507E5DD-D4D8-4617-9124-A76341004AAB}.CodeAnalysis.Managed|x64.ActiveCfg = Release|x64
		{7507E5DD-D4D8-4617-9124-A76341004AAB}.CodeAnalysis.Managed|x86.ActiveCfg = Release|Win32
		{7507E5DD-D4D8-4617-9124-A76341004AAB}.CodeAnalysis.Native|Any CPU.ActiveCfg = Release|Win32
		{7507E5DD-D4D8-4617-9124-A76341004AAB}.CodeAnalysis.Native|x64.ActiveCfg = Release|x64
		{7507E5DD-D4D8-4617-9124-A76341004AAB}.CodeAnalysis.Native|x64.Build.0 = Release|x64
		{7507E5DD-D4D8-4617-9124-A76341004AAB}.CodeAnalysis.Native|x86.ActiveCfg = Release|Win32
		{7507E5DD-D4D8-4617-9124-A76341004AAB}.CodeAnalysis.Native|x86.Build.0 = Release|Win32
		{7507E5DD-D4D8-4617-9124-A76341004AAB}.Debug|Any CPU.ActiveCfg = Debug|Win32
		{7507E5DD-D4D8-4617-9124-A76341004AAB}.Debug|x64.ActiveCfg = Debug|x64
		{7507E5DD-D4D8-4617-9124-A76341004AAB}.Debug|x64.Build.0 = Debug|x64
		{7507E5DD-D4D8-4617-9124-A76341004AAB}.Debug|x86.ActiveCfg = Debug|Win32
		{7507E5DD-D4D8-4617-9124-A76341004AAB}.Debug|x86.Build.0 = Debug|Win32
		{7507E5DD-D4D8-4617-9124-A76341004AAB}.Release|Any CPU.ActiveCfg = Release|Win32
		{7507E5DD-D4D8-4617-9124-A76341004AAB}.Release|x64.ActiveCfg = Release|x64
		{7507E5DD-D4D8-4617-9124-A76341004AAB}.Release|x64.Build.0 = Release|x64
		{7507E5DD-D4D8-4617-9124-A76341004AAB}.Release|x86.ActiveCfg = Release|Win32
		{7507E5DD-D4D8-4617-9124-A76341004AAB}.Release|x86.Build.0 = Release|Win32
		{91391A70-818D-442E-B847-7EA2F2C4B2C7}.CodeAnalysis.Managed|Any CPU.ActiveCfg = Release|Win32
		{91391A70-818D-442E-B847-7EA2F2C4B2C7}.CodeAnalysis.Managed|x64.ActiveCfg = Release|x64
		{91391A70-818D-442E-B847-7EA2F2C4B2C7}.CodeAnalysis.Managed|x86.ActiveCfg = Release|Win32
		{91391A70-818D-442E-B847-7EA2F2C4B2C7}.CodeAnalysis.Native|Any CPU.ActiveCfg = Release|Win32
		{91391A70-818D-442E-B847-7EA2F2C4B2C7}.CodeAnalysis.Native|x64.ActiveCfg = Release|x64
		{91391A70-818D-442E-B847-7EA2F2C4B2C7}.CodeAnalysis.Native|x64.Build.0 = Release|x64
		{91391A70-818D-442E-B847-7EA2F2C4B2C7}.CodeAnalysis.Native|x86.ActiveCfg = Release|Win32
		{91391A70-818D-442E-B847-7EA2F2C4B2C7}.CodeAnalysis.Native|x86.Build.0 = Release|Win32
		{91391A70-818D-442E-B847-7EA2F2C4B2C7}.Debug|Any CPU.ActiveCfg = Debug|Win32
		{91391A70-818D-442E-B847-7EA2F2C4B2C7}.Debug|x64.ActiveCfg = Debug|x64
		{91391A70-818D-442E-B847-7EA2F2C4B2C7}.Debug|x64.Build.0 = Debug|x64
		{91391A70-818D-442E-B847-7EA2F2C4B2C7}.Debug|x86.ActiveCfg = Debug|Win32
		{91391A70-818D-442E-B847-7EA2F2C4B2C7}.Debug|x86.Build.0 = Debug|Win32
		{91391A70-818D-442E-B847-7EA2F2C4B2C7}.Release|Any CPU.ActiveCfg = Release|Win32
		{91391A70-818D-442E-B847-7EA2F2C4B2C7}.Release|x64.ActiveCfg = Release|x64
		{91391A70-818D-442E-B847-7EA2F2C4B2C7}.Release|x64.Build.0 = Release|x64
		{91391A70-818D-442E-B847-7EA2F2C4B2C7}.Release|x86.ActiveCfg = Release|Win32
		{91391A70-818D-442E-B847-7EA2F2C4B2C7}.Release|x86.Build.0 = Release|Win32
		{9D2F97F8-DE2E-4463-A425-823A755159BC}.CodeAnalysis.Managed|Any CPU.ActiveCfg = Release|Win32
		{9D2F97F8-DE2E-4463-A425-823A755159BC}.CodeAnalysis.Managed|x64.ActiveCfg = Release|x64
		{9D2F97F8-DE2E-4463-A425-823A755159BC}.CodeAnalysis.Managed|x86.ActiveCfg = Release|Win32
		{9D2F97F8-DE2E-4463-A425-823A755159BC}.CodeAnalysis.Native|Any CPU.ActiveCfg = Release|Win32
		{9D2F97F8-DE2E-4463-A425-823A755159BC}.CodeAnalysis.Native|x64.ActiveCfg = Release|x64
		{9D2F97F8-DE2E-4463-A425-823A755159BC}.CodeAnalysis.Native|x64.Build.0 = Release|x64
		{9D2F97F8-DE2E-4463-A425-823A755159BC}.CodeAnalysis.Native|x86.ActiveCfg = Release|Win32
		{9D2F97F8-DE2E-4463-A425-823A755159BC}.CodeAnalysis.Native|x86.Build.0 = Release|Win32
		{9D2F97F8-DE2E-4463-A425-823A755159BC}.Debug|Any CPU.ActiveCfg = Debug|Win32
		{9D2F97F8-DE2E-4463-A425-823A755159BC}.Debug|x64.ActiveCfg = Debug|x64
		{9D2F97F8-DE2E-4463-A425-823A755159BC}.Debug|x64.Build.0 = Debug|x64
		{9D2F97F8-DE2E-4463-A425-823A755159BC}.Debug|x86.ActiveCfg = Debug|Win32
		{9D2F97F8-DE2E-4463-A425-823A755159BC}.Debug|x86.Build.0 = Debug|Win32
		{9D2F97F8-DE2E-4463-A425-823A755159BC}.Release|Any CPU.ActiveCfg = Release|Win32
		{9D2F97F8-DE2E-4463-A425-823A755159BC}.Release|x64.ActiveCfg = Release|x64
		{9D2F97F8-DE2E-4463-A425-823A755159BC}.Release|x64.Build.0 = Release|x64
		{9D2F97F8-DE2E-4463-A425-823A755159BC}.Release|x86.ActiveCfg = Release|Win32
		{9D2F97F8-DE2E-4463-A425-823A755159BC}.Release|x86.Build.0 = Release|Win32
		{21036FD3-0A5B-403D-B7AF-4950ED156CC9}.CodeAnalysis.Managed|Any CPU.ActiveCfg = Release|Win32
		{21036FD3-0A5B-403D-B7AF-4950ED156CC9}.CodeAnalysis.Managed|x64.ActiveCfg = Release|x64
		{21036FD3-0A5B-403D-B7AF-4950ED156CC9}.CodeAnalysis.Managed|x86.ActiveCfg = Release|Win32
		{21036FD3-0A5B-403D-B7AF-4950ED156CC9}.CodeAnalysis.Native|Any CPU.ActiveCfg = Release|Win32
		{21036FD3-0A5B-403D-B7AF-4950ED156CC9}.CodeAnalysis.Native|x64.ActiveCfg = Release|x64
		{21036FD3-0A5B-403D-B7AF-4950ED156CC9}.CodeAnalysis.Native|x64.Build.0 = Release|x64
		{21036FD3-0A5B-403D-B7AF-4950ED156CC9}.CodeAnalysis.Native|x86.ActiveCfg = Release|Win32
		{21036FD3-0A5B-403D-B7AF-4950ED156CC9}.CodeAnalysis.Native|x86.Build.0 = Release|Win32
		{21036FD3-0A5B-403D-B7AF-4950ED156CC9}.Debug|Any CPU.ActiveCfg = Debug|Win32
		{21036FD3-0A5B-403D-B7AF-4950ED156CC9}.Debug|x64.ActiveCfg = Debug|x64
		{21036FD3-0A5B-403D-B7AF-4950ED156CC9}.Debug|x64.Build.0 = Debug|x64
		{21036FD3-0A5B-403D-B7AF-4950ED156CC9}.Debug|x86.ActiveCfg = Debug|Win32
		{21036FD3-0A5B-403D-B7AF-4950ED156CC9}.Debug|x86.Build.0 = Debug|Win32
		{21036FD3-0A5B-403D-B7AF-4950ED156CC9}.Release|Any CPU.ActiveCfg = Release|Win32
		{21036FD3-0A5B-403D-B7AF-4950ED156CC9}.Release|x64.ActiveCfg = Release|x64
		{21036FD3-0A5B-403D-B7AF-4950ED156CC9}.Release|x64.Build.0 = Release|x64
		{21036FD3-0A5B-403D-B7AF-4950ED156CC9}.Release|x86.ActiveCfg = Release|Win32
		{21036FD3-0A5B-403D-B7AF-4950ED156CC9}.Release|x86.Build.0 = Release|Win32
		{B722970C-63F2-42C6-BD43-CD64EAA4B944}.CodeAnalysis.Managed|Any CPU.ActiveCfg = Release|Win32
		{B722970C-63F2-42C6-BD43-CD64EAA4B944}.CodeAnalysis.Managed|x64.ActiveCfg = Release|x64
		{B722970C-63F2-42C6-BD43-CD64EAA4B944}.CodeAnalysis.Managed|x86.ActiveCfg = Release|Win32
		{B722970C-63F2-42C6-BD43-CD64EAA4B944}.CodeAnalysis.Native|Any CPU.ActiveCfg = Release|Win32
		{B722970C-63F2-42C6-BD43-CD64EAA4B944}.CodeAnalysis.Native|x64.ActiveCfg = Release|x64
		{B722970C-63F2-42C6-BD43-CD64EAA4B944}.CodeAnalysis.Native|x64.Build.0 = Release|x64
		{B722970C-63F2-42C6-BD43-CD64EAA4B944}.CodeAnalysis.Native|x86.ActiveCfg = Release|Win32
		{B722970C-63F2-42C6-BD43-CD64EAA4B944}.CodeAnalysis.Native|x86.Build.0 = Release|Win32
		{B722970C-63F2-42C6-BD43-CD64EAA4B944}.Debug|Any CPU.ActiveCfg = Debug|Win32
		{B722970C-63F2-42C6-BD43-CD64EAA4B944}.Debug|x64.ActiveCfg = Debug|x64
		{B722970C-63F2-42C6-BD43-CD64EAA4B944}.Debug|x64.Build.0 = Debug|x64
		{B722970C-63F2-42C6-BD43-CD64EAA4B944}.Debug|x86.ActiveCfg = Debug|Win32
		{B722970C-63F2-42C6-BD43-CD64EAA4B944}.Debug|x86.Build.0 = Debug|Win32
		{B722970C-63F2-42C6-BD43-CD64EAA4B944}.Release|Any CPU.ActiveCfg = Release|Win32
		{B722970C-63F2-42C6-BD43-CD64EAA4B944}.Release|x64.ActiveCfg = Release|x64
		{B722970C-63F2-42C6-BD43-CD64EAA4B944}.Release|x64.Build.0 = Release|x64
		{B722970C-63F2-42C6-BD43-CD64EAA4B944}.Release|x86.ActiveCfg = Release|Win32
		{B722970C-63F2-42C6-BD43-CD64EAA4B944}.Release|x86.Build.0 = Release|Win32
		{F90BBA19-0AB5-42CC-A693-584A92173EBF}.CodeAnalysis.Managed|Any CPU.ActiveCfg = Release|Win32
		{F90BBA19-0AB5-42CC-A693-584A92173EBF}.CodeAnalysis.Managed|x64.ActiveCfg = Release|x64
		{F90BBA19-0AB5-42CC-A693-584A92173EBF}.CodeAnalysis.Managed|x86.ActiveCfg = Release|Win32
		{F90BBA19-0AB5-42CC-A693-584A92173EBF}.CodeAnalysis.Native|Any CPU.ActiveCfg = Release|Win32
		{F90BBA19-0AB5-42CC-A693-584A92173EBF}.CodeAnalysis.Native|x64.ActiveCfg = Release|x64
		{F90BBA19-0AB5-42CC-A693-584A92173EBF}.CodeAnalysis.Native|x64.Build.0 = Release|x64
		{F90BBA19-0AB5-42CC-A693-584A92173EBF}.CodeAnalysis.Native|x86.ActiveCfg = Release|Win32
		{F90BBA19-0AB5-42CC-A693-584A92173EBF}.CodeAnalysis.Native|x86.Build.0 = Release|Win32
		{F90BBA19-0AB5-42CC-A693-584A92173EBF}.Debug|Any CPU.ActiveCfg = Debug|Win32
		{F90BBA19-0AB5-42CC-A693-584A92173EBF}.Debug|x64.ActiveCfg = Debug|x64
		{F90BBA19-0AB5-42CC-A693-584A92173EBF}.Debug|x64.Build.0 = Debug|x64
		{F90BBA19-0AB5-42CC-A693-584A92173EBF}.Debug|x86.ActiveCfg = Debug|Win32
		{F90BBA19-0AB5-42CC-A693-584A92173EBF}.Debug|x86.Build.0 = Debug|Win32
		{F90BBA19-0AB5-42CC-A693-584A92173EBF}.Release|Any CPU.ActiveCfg = Release|Win32
		{F90BBA19-0AB5-42CC-A693-584A92173EBF}.Release|x64.ActiveCfg = Release|x64
		{F90BBA19-0AB5-42CC-A693-584A92173EBF}.Release|x64.Build.0 = Release|x64
		{F90BBA19-0AB5-42CC-A693-584A92173EBF}.Release|x86.ActiveCfg = Release|Win32
		{F90BBA19-0AB5-42CC-A693-584A92173EBF}.Release|x86.Build.0 = Release|Win32
		{0ECB9DDD-0000-0000-0000-000000000000}.CodeAnalysis.Managed|Any CPU.ActiveCfg = Release|Any CPU
		{0ECB9DDD-0000-0000-0000-000000000000}.CodeAnalysis.Managed|Any CPU.Build.0 = Release|Any CPU
		{0ECB9DDD-0000-0000-0000-000000000000}.CodeAnalysis.Managed|x64.ActiveCfg = Release|Any CPU
		{0ECB9DDD-0000-0000-0000-000000000000}.CodeAnalysis.Managed|x86.ActiveCfg = Release|Any CPU
		{0ECB9DDD-0000-0000-0000-000000000000}.CodeAnalysis.Native|Any CPU.ActiveCfg = Release|Any CPU
		{0ECB9DDD-0000-0000-0000-000000000000}.CodeAnalysis.Native|x64.ActiveCfg = Release|Any CPU
		{0ECB9DDD-0000-0000-0000-000000000000}.CodeAnalysis.Native|x86.ActiveCfg = Release|Any CPU
		{0ECB9DDD-0000-0000-0000-000000000000}.Debug|Any CPU.ActiveCfg = Debug|Any CPU
		{0ECB9DDD-0000-0000-0000-000000000000}.Debug|Any CPU.Build.0 = Debug|Any CPU
		{0ECB9DDD-0000-0000-0000-000000000000}.Debug|x64.ActiveCfg = Debug|Any CPU
		{0ECB9DDD-0000-0000-0000-000000000000}.Debug|x64.Build.0 = Debug|Any CPU
		{0ECB9DDD-0000-0000-0000-000000000000}.Debug|x86.ActiveCfg = Debug|Any CPU
		{0ECB9DDD-0000-0000-0000-000000000000}.Debug|x86.Build.0 = Debug|Any CPU
		{0ECB9DDD-0000-0000-0000-000000000000}.Release|Any CPU.ActiveCfg = Release|Any CPU
		{0ECB9DDD-0000-0000-0000-000000000000}.Release|Any CPU.Build.0 = Release|Any CPU
		{0ECB9DDD-0000-0000-0000-000000000000}.Release|x64.ActiveCfg = Release|Any CPU
		{0ECB9DDD-0000-0000-0000-000000000000}.Release|x64.Build.0 = Release|Any CPU
		{0ECB9DDD-0000-0000-0000-000000000000}.Release|x86.ActiveCfg = Release|Any CPU
		{0ECB9DDD-0000-0000-0000-000000000000}.Release|x86.Build.0 = Release|Any CPU
		{DC4DB76C-7BC1-4A35-9A57-44138CB68A66}.CodeAnalysis.Managed|Any CPU.ActiveCfg = Release|Any CPU
		{DC4DB76C-7BC1-4A35-9A57-44138CB68A66}.CodeAnalysis.Managed|Any CPU.Build.0 = Release|Any CPU
		{DC4DB76C-7BC1-4A35-9A57-44138CB68A66}.CodeAnalysis.Managed|x64.ActiveCfg = Release|Any CPU
		{DC4DB76C-7BC1-4A35-9A57-44138CB68A66}.CodeAnalysis.Managed|x86.ActiveCfg = Release|Any CPU
		{DC4DB76C-7BC1-4A35-9A57-44138CB68A66}.CodeAnalysis.Native|Any CPU.ActiveCfg = Release|Any CPU
		{DC4DB76C-7BC1-4A35-9A57-44138CB68A66}.CodeAnalysis.Native|x64.ActiveCfg = Release|Any CPU
		{DC4DB76C-7BC1-4A35-9A57-44138CB68A66}.CodeAnalysis.Native|x86.ActiveCfg = Release|Any CPU
		{DC4DB76C-7BC1-4A35-9A57-44138CB68A66}.Debug|Any CPU.ActiveCfg = Debug|Any CPU
		{DC4DB76C-7BC1-4A35-9A57-44138CB68A66}.Debug|Any CPU.Build.0 = Debug|Any CPU
		{DC4DB76C-7BC1-4A35-9A57-44138CB68A66}.Debug|x64.ActiveCfg = Debug|Any CPU
		{DC4DB76C-7BC1-4A35-9A57-44138CB68A66}.Debug|x86.ActiveCfg = Debug|Any CPU
		{DC4DB76C-7BC1-4A35-9A57-44138CB68A66}.Release|Any CPU.ActiveCfg = Release|Any CPU
		{DC4DB76C-7BC1-4A35-9A57-44138CB68A66}.Release|Any CPU.Build.0 = Release|Any CPU
		{DC4DB76C-7BC1-4A35-9A57-44138CB68A66}.Release|x64.ActiveCfg = Release|Any CPU
		{DC4DB76C-7BC1-4A35-9A57-44138CB68A66}.Release|x86.ActiveCfg = Release|Any CPU
		{EAD25B2C-E362-4660-A2FD-AD82B7C1FD77}.CodeAnalysis.Managed|Any CPU.ActiveCfg = Release|x64
		{EAD25B2C-E362-4660-A2FD-AD82B7C1FD77}.CodeAnalysis.Managed|Any CPU.Build.0 = Release|x64
		{EAD25B2C-E362-4660-A2FD-AD82B7C1FD77}.CodeAnalysis.Managed|x64.ActiveCfg = Release|x64
		{EAD25B2C-E362-4660-A2FD-AD82B7C1FD77}.CodeAnalysis.Managed|x86.ActiveCfg = Release|x86
		{EAD25B2C-E362-4660-A2FD-AD82B7C1FD77}.CodeAnalysis.Native|Any CPU.ActiveCfg = Release|x64
		{EAD25B2C-E362-4660-A2FD-AD82B7C1FD77}.CodeAnalysis.Native|Any CPU.Build.0 = Release|x64
		{EAD25B2C-E362-4660-A2FD-AD82B7C1FD77}.CodeAnalysis.Native|x64.ActiveCfg = Release|x64
		{EAD25B2C-E362-4660-A2FD-AD82B7C1FD77}.CodeAnalysis.Native|x86.ActiveCfg = Release|x86
		{EAD25B2C-E362-4660-A2FD-AD82B7C1FD77}.Debug|Any CPU.ActiveCfg = Debug|x64
		{EAD25B2C-E362-4660-A2FD-AD82B7C1FD77}.Debug|Any CPU.Build.0 = Debug|x64
		{EAD25B2C-E362-4660-A2FD-AD82B7C1FD77}.Debug|x64.ActiveCfg = Debug|x64
		{EAD25B2C-E362-4660-A2FD-AD82B7C1FD77}.Debug|x64.Build.0 = Debug|x64
		{EAD25B2C-E362-4660-A2FD-AD82B7C1FD77}.Debug|x86.ActiveCfg = Debug|x86
		{EAD25B2C-E362-4660-A2FD-AD82B7C1FD77}.Debug|x86.Build.0 = Debug|x86
		{EAD25B2C-E362-4660-A2FD-AD82B7C1FD77}.Release|Any CPU.ActiveCfg = Release|x64
		{EAD25B2C-E362-4660-A2FD-AD82B7C1FD77}.Release|Any CPU.Build.0 = Release|x64
		{EAD25B2C-E362-4660-A2FD-AD82B7C1FD77}.Release|x64.ActiveCfg = Release|x64
		{EAD25B2C-E362-4660-A2FD-AD82B7C1FD77}.Release|x64.Build.0 = Release|x64
		{EAD25B2C-E362-4660-A2FD-AD82B7C1FD77}.Release|x86.ActiveCfg = Release|x86
		{EAD25B2C-E362-4660-A2FD-AD82B7C1FD77}.Release|x86.Build.0 = Release|x86
		{E4D25B2C-E362-4660-A2FD-ADA2B7C1FD77}.CodeAnalysis.Managed|Any CPU.ActiveCfg = Release|x64
		{E4D25B2C-E362-4660-A2FD-ADA2B7C1FD77}.CodeAnalysis.Managed|Any CPU.Build.0 = Release|x64
		{E4D25B2C-E362-4660-A2FD-ADA2B7C1FD77}.CodeAnalysis.Managed|x64.ActiveCfg = Release|x64
		{E4D25B2C-E362-4660-A2FD-ADA2B7C1FD77}.CodeAnalysis.Managed|x86.ActiveCfg = Release|x86
		{E4D25B2C-E362-4660-A2FD-ADA2B7C1FD77}.CodeAnalysis.Native|Any CPU.ActiveCfg = Release|x64
		{E4D25B2C-E362-4660-A2FD-ADA2B7C1FD77}.CodeAnalysis.Native|Any CPU.Build.0 = Release|x64
		{E4D25B2C-E362-4660-A2FD-ADA2B7C1FD77}.CodeAnalysis.Native|x64.ActiveCfg = Release|x64
		{E4D25B2C-E362-4660-A2FD-ADA2B7C1FD77}.CodeAnalysis.Native|x86.ActiveCfg = Release|x86
		{E4D25B2C-E362-4660-A2FD-ADA2B7C1FD77}.Debug|Any CPU.ActiveCfg = Debug|x64
		{E4D25B2C-E362-4660-A2FD-ADA2B7C1FD77}.Debug|Any CPU.Build.0 = Debug|x64
		{E4D25B2C-E362-4660-A2FD-ADA2B7C1FD77}.Debug|x64.ActiveCfg = Debug|x64
		{E4D25B2C-E362-4660-A2FD-ADA2B7C1FD77}.Debug|x64.Build.0 = Debug|x64
		{E4D25B2C-E362-4660-A2FD-ADA2B7C1FD77}.Debug|x86.ActiveCfg = Debug|x86
		{E4D25B2C-E362-4660-A2FD-ADA2B7C1FD77}.Debug|x86.Build.0 = Debug|x86
		{E4D25B2C-E362-4660-A2FD-ADA2B7C1FD77}.Release|Any CPU.ActiveCfg = Release|x64
		{E4D25B2C-E362-4660-A2FD-ADA2B7C1FD77}.Release|Any CPU.Build.0 = Release|x64
		{E4D25B2C-E362-4660-A2FD-ADA2B7C1FD77}.Release|x64.ActiveCfg = Release|x64
		{E4D25B2C-E362-4660-A2FD-ADA2B7C1FD77}.Release|x64.Build.0 = Release|x64
		{E4D25B2C-E362-4660-A2FD-ADA2B7C1FD77}.Release|x86.ActiveCfg = Release|x86
		{E4D25B2C-E362-4660-A2FD-ADA2B7C1FD77}.Release|x86.Build.0 = Release|x86
		{278F7EB8-4AE3-4F39-BF84-D481A353478B}.CodeAnalysis.Managed|Any CPU.ActiveCfg = Release|x64
		{278F7EB8-4AE3-4F39-BF84-D481A353478B}.CodeAnalysis.Managed|Any CPU.Build.0 = Release|x64
		{278F7EB8-4AE3-4F39-BF84-D481A353478B}.CodeAnalysis.Managed|x64.ActiveCfg = Release|x64
		{278F7EB8-4AE3-4F39-BF84-D481A353478B}.CodeAnalysis.Managed|x86.ActiveCfg = Release|x86
		{278F7EB8-4AE3-4F39-BF84-D481A353478B}.CodeAnalysis.Native|Any CPU.ActiveCfg = Release|x64
		{278F7EB8-4AE3-4F39-BF84-D481A353478B}.CodeAnalysis.Native|Any CPU.Build.0 = Release|x64
		{278F7EB8-4AE3-4F39-BF84-D481A353478B}.CodeAnalysis.Native|x64.ActiveCfg = Release|x64
		{278F7EB8-4AE3-4F39-BF84-D481A353478B}.CodeAnalysis.Native|x86.ActiveCfg = Release|x86
		{278F7EB8-4AE3-4F39-BF84-D481A353478B}.Debug|Any CPU.ActiveCfg = Debug|x64
		{278F7EB8-4AE3-4F39-BF84-D481A353478B}.Debug|Any CPU.Build.0 = Debug|x64
		{278F7EB8-4AE3-4F39-BF84-D481A353478B}.Debug|x64.ActiveCfg = Debug|x64
		{278F7EB8-4AE3-4F39-BF84-D481A353478B}.Debug|x64.Build.0 = Debug|x64
		{278F7EB8-4AE3-4F39-BF84-D481A353478B}.Debug|x86.ActiveCfg = Debug|x86
		{278F7EB8-4AE3-4F39-BF84-D481A353478B}.Debug|x86.Build.0 = Debug|x86
		{278F7EB8-4AE3-4F39-BF84-D481A353478B}.Release|Any CPU.ActiveCfg = Release|x64
		{278F7EB8-4AE3-4F39-BF84-D481A353478B}.Release|Any CPU.Build.0 = Release|x64
		{278F7EB8-4AE3-4F39-BF84-D481A353478B}.Release|x64.ActiveCfg = Release|x64
		{278F7EB8-4AE3-4F39-BF84-D481A353478B}.Release|x64.Build.0 = Release|x64
		{278F7EB8-4AE3-4F39-BF84-D481A353478B}.Release|x86.ActiveCfg = Release|x86
		{278F7EB8-4AE3-4F39-BF84-D481A353478B}.Release|x86.Build.0 = Release|x86
		{AFC55CC1-567F-4C8A-A801-638A673AFEB8}.CodeAnalysis.Managed|Any CPU.ActiveCfg = Release|Win32
		{AFC55CC1-567F-4C8A-A801-638A673AFEB8}.CodeAnalysis.Managed|x64.ActiveCfg = Release|x64
		{AFC55CC1-567F-4C8A-A801-638A673AFEB8}.CodeAnalysis.Managed|x86.ActiveCfg = Release|Win32
		{AFC55CC1-567F-4C8A-A801-638A673AFEB8}.CodeAnalysis.Native|Any CPU.ActiveCfg = Release|Win32
		{AFC55CC1-567F-4C8A-A801-638A673AFEB8}.CodeAnalysis.Native|x64.ActiveCfg = Release|x64
		{AFC55CC1-567F-4C8A-A801-638A673AFEB8}.CodeAnalysis.Native|x64.Build.0 = Release|x64
		{AFC55CC1-567F-4C8A-A801-638A673AFEB8}.CodeAnalysis.Native|x86.ActiveCfg = Release|Win32
		{AFC55CC1-567F-4C8A-A801-638A673AFEB8}.CodeAnalysis.Native|x86.Build.0 = Release|Win32
		{AFC55CC1-567F-4C8A-A801-638A673AFEB8}.Debug|Any CPU.ActiveCfg = Debug|Win32
		{AFC55CC1-567F-4C8A-A801-638A673AFEB8}.Debug|x64.ActiveCfg = Debug|x64
		{AFC55CC1-567F-4C8A-A801-638A673AFEB8}.Debug|x64.Build.0 = Debug|x64
		{AFC55CC1-567F-4C8A-A801-638A673AFEB8}.Debug|x86.ActiveCfg = Debug|Win32
		{AFC55CC1-567F-4C8A-A801-638A673AFEB8}.Debug|x86.Build.0 = Debug|Win32
		{AFC55CC1-567F-4C8A-A801-638A673AFEB8}.Release|Any CPU.ActiveCfg = Release|Win32
		{AFC55CC1-567F-4C8A-A801-638A673AFEB8}.Release|x64.ActiveCfg = Release|x64
		{AFC55CC1-567F-4C8A-A801-638A673AFEB8}.Release|x64.Build.0 = Release|x64
		{AFC55CC1-567F-4C8A-A801-638A673AFEB8}.Release|x86.ActiveCfg = Release|Win32
		{AFC55CC1-567F-4C8A-A801-638A673AFEB8}.Release|x86.Build.0 = Release|Win32
		{D68DA75E-9194-44CB-9196-FF7FDC7EA3D5}.CodeAnalysis.Managed|Any CPU.ActiveCfg = Release|Win32
		{D68DA75E-9194-44CB-9196-FF7FDC7EA3D5}.CodeAnalysis.Managed|x64.ActiveCfg = Release|x64
		{D68DA75E-9194-44CB-9196-FF7FDC7EA3D5}.CodeAnalysis.Managed|x86.ActiveCfg = Release|Win32
		{D68DA75E-9194-44CB-9196-FF7FDC7EA3D5}.CodeAnalysis.Native|Any CPU.ActiveCfg = Release|Win32
		{D68DA75E-9194-44CB-9196-FF7FDC7EA3D5}.CodeAnalysis.Native|x64.ActiveCfg = Release|x64
		{D68DA75E-9194-44CB-9196-FF7FDC7EA3D5}.CodeAnalysis.Native|x86.ActiveCfg = Release|Win32
		{D68DA75E-9194-44CB-9196-FF7FDC7EA3D5}.Debug|Any CPU.ActiveCfg = Debug|Win32
		{D68DA75E-9194-44CB-9196-FF7FDC7EA3D5}.Debug|x64.ActiveCfg = Debug|x64
		{D68DA75E-9194-44CB-9196-FF7FDC7EA3D5}.Debug|x86.ActiveCfg = Debug|Win32
		{D68DA75E-9194-44CB-9196-FF7FDC7EA3D5}.Release|Any CPU.ActiveCfg = Release|Win32
		{D68DA75E-9194-44CB-9196-FF7FDC7EA3D5}.Release|x64.ActiveCfg = Release|x64
		{D68DA75E-9194-44CB-9196-FF7FDC7EA3D5}.Release|x86.ActiveCfg = Release|Win32
		{D1F6A1A5-D8D1-44B3-B59F-6BFE236F7F46}.CodeAnalysis.Managed|Any CPU.ActiveCfg = Release|Any CPU
		{D1F6A1A5-D8D1-44B3-B59F-6BFE236F7F46}.CodeAnalysis.Managed|Any CPU.Build.0 = Release|Any CPU
		{D1F6A1A5-D8D1-44B3-B59F-6BFE236F7F46}.CodeAnalysis.Managed|x64.ActiveCfg = Release|Any CPU
		{D1F6A1A5-D8D1-44B3-B59F-6BFE236F7F46}.CodeAnalysis.Managed|x86.ActiveCfg = Release|Any CPU
		{D1F6A1A5-D8D1-44B3-B59F-6BFE236F7F46}.CodeAnalysis.Native|Any CPU.ActiveCfg = Release|Any CPU
		{D1F6A1A5-D8D1-44B3-B59F-6BFE236F7F46}.CodeAnalysis.Native|x64.ActiveCfg = Release|Any CPU
		{D1F6A1A5-D8D1-44B3-B59F-6BFE236F7F46}.CodeAnalysis.Native|x86.ActiveCfg = Release|Any CPU
		{D1F6A1A5-D8D1-44B3-B59F-6BFE236F7F46}.Debug|Any CPU.ActiveCfg = Debug|Any CPU
		{D1F6A1A5-D8D1-44B3-B59F-6BFE236F7F46}.Debug|Any CPU.Build.0 = Debug|Any CPU
		{D1F6A1A5-D8D1-44B3-B59F-6BFE236F7F46}.Debug|x64.ActiveCfg = Debug|Any CPU
		{D1F6A1A5-D8D1-44B3-B59F-6BFE236F7F46}.Debug|x64.Build.0 = Debug|Any CPU
		{D1F6A1A5-D8D1-44B3-B59F-6BFE236F7F46}.Debug|x86.ActiveCfg = Debug|Any CPU
		{D1F6A1A5-D8D1-44B3-B59F-6BFE236F7F46}.Debug|x86.Build.0 = Debug|Any CPU
		{D1F6A1A5-D8D1-44B3-B59F-6BFE236F7F46}.Release|Any CPU.ActiveCfg = Release|Any CPU
		{D1F6A1A5-D8D1-44B3-B59F-6BFE236F7F46}.Release|Any CPU.Build.0 = Release|Any CPU
		{D1F6A1A5-D8D1-44B3-B59F-6BFE236F7F46}.Release|x64.ActiveCfg = Release|Any CPU
		{D1F6A1A5-D8D1-44B3-B59F-6BFE236F7F46}.Release|x64.Build.0 = Release|Any CPU
		{D1F6A1A5-D8D1-44B3-B59F-6BFE236F7F46}.Release|x86.ActiveCfg = Release|Any CPU
		{D1F6A1A5-D8D1-44B3-B59F-6BFE236F7F46}.Release|x86.Build.0 = Release|Any CPU
		{C9F8EA17-5B45-4327-8640-7F2C82217DC2}.CodeAnalysis.Managed|Any CPU.ActiveCfg = Release|Any CPU
		{C9F8EA17-5B45-4327-8640-7F2C82217DC2}.CodeAnalysis.Managed|Any CPU.Build.0 = Release|Any CPU
		{C9F8EA17-5B45-4327-8640-7F2C82217DC2}.CodeAnalysis.Managed|x64.ActiveCfg = Release|Any CPU
		{C9F8EA17-5B45-4327-8640-7F2C82217DC2}.CodeAnalysis.Managed|x86.ActiveCfg = Release|Any CPU
		{C9F8EA17-5B45-4327-8640-7F2C82217DC2}.CodeAnalysis.Native|Any CPU.ActiveCfg = Release|Any CPU
		{C9F8EA17-5B45-4327-8640-7F2C82217DC2}.CodeAnalysis.Native|x64.ActiveCfg = Release|Any CPU
		{C9F8EA17-5B45-4327-8640-7F2C82217DC2}.CodeAnalysis.Native|x86.ActiveCfg = Release|Any CPU
		{C9F8EA17-5B45-4327-8640-7F2C82217DC2}.Debug|Any CPU.ActiveCfg = Debug|Any CPU
		{C9F8EA17-5B45-4327-8640-7F2C82217DC2}.Debug|Any CPU.Build.0 = Debug|Any CPU
		{C9F8EA17-5B45-4327-8640-7F2C82217DC2}.Debug|x64.ActiveCfg = Debug|Any CPU
		{C9F8EA17-5B45-4327-8640-7F2C82217DC2}.Debug|x64.Build.0 = Debug|Any CPU
		{C9F8EA17-5B45-4327-8640-7F2C82217DC2}.Debug|x86.ActiveCfg = Debug|Any CPU
		{C9F8EA17-5B45-4327-8640-7F2C82217DC2}.Debug|x86.Build.0 = Debug|Any CPU
		{C9F8EA17-5B45-4327-8640-7F2C82217DC2}.Release|Any CPU.ActiveCfg = Release|Any CPU
		{C9F8EA17-5B45-4327-8640-7F2C82217DC2}.Release|Any CPU.Build.0 = Release|Any CPU
		{C9F8EA17-5B45-4327-8640-7F2C82217DC2}.Release|x64.ActiveCfg = Release|Any CPU
		{C9F8EA17-5B45-4327-8640-7F2C82217DC2}.Release|x64.Build.0 = Release|Any CPU
		{C9F8EA17-5B45-4327-8640-7F2C82217DC2}.Release|x86.ActiveCfg = Release|Any CPU
		{C9F8EA17-5B45-4327-8640-7F2C82217DC2}.Release|x86.Build.0 = Release|Any CPU
		{78F69D10-7F29-4645-AD77-91A2D06FF7F4}.CodeAnalysis.Managed|Any CPU.ActiveCfg = Release|Win32
		{78F69D10-7F29-4645-AD77-91A2D06FF7F4}.CodeAnalysis.Managed|x64.ActiveCfg = Release|x64
		{78F69D10-7F29-4645-AD77-91A2D06FF7F4}.CodeAnalysis.Managed|x86.ActiveCfg = Release|Win32
		{78F69D10-7F29-4645-AD77-91A2D06FF7F4}.CodeAnalysis.Native|Any CPU.ActiveCfg = Release|Win32
		{78F69D10-7F29-4645-AD77-91A2D06FF7F4}.CodeAnalysis.Native|x64.ActiveCfg = Release|x64
		{78F69D10-7F29-4645-AD77-91A2D06FF7F4}.CodeAnalysis.Native|x64.Build.0 = Release|x64
		{78F69D10-7F29-4645-AD77-91A2D06FF7F4}.CodeAnalysis.Native|x86.ActiveCfg = Release|Win32
		{78F69D10-7F29-4645-AD77-91A2D06FF7F4}.CodeAnalysis.Native|x86.Build.0 = Release|Win32
		{78F69D10-7F29-4645-AD77-91A2D06FF7F4}.Debug|Any CPU.ActiveCfg = Debug|Win32
		{78F69D10-7F29-4645-AD77-91A2D06FF7F4}.Debug|x64.ActiveCfg = Debug|x64
		{78F69D10-7F29-4645-AD77-91A2D06FF7F4}.Debug|x64.Build.0 = Debug|x64
		{78F69D10-7F29-4645-AD77-91A2D06FF7F4}.Debug|x86.ActiveCfg = Debug|Win32
		{78F69D10-7F29-4645-AD77-91A2D06FF7F4}.Debug|x86.Build.0 = Debug|Win32
		{78F69D10-7F29-4645-AD77-91A2D06FF7F4}.Release|Any CPU.ActiveCfg = Release|Win32
		{78F69D10-7F29-4645-AD77-91A2D06FF7F4}.Release|x64.ActiveCfg = Release|x64
		{78F69D10-7F29-4645-AD77-91A2D06FF7F4}.Release|x64.Build.0 = Release|x64
		{78F69D10-7F29-4645-AD77-91A2D06FF7F4}.Release|x86.ActiveCfg = Release|Win32
		{78F69D10-7F29-4645-AD77-91A2D06FF7F4}.Release|x86.Build.0 = Release|Win32
		{A0585FAB-548F-44B3-BCBE-9242CBC26A19}.CodeAnalysis.Managed|Any CPU.ActiveCfg = Release|Win32
		{A0585FAB-548F-44B3-BCBE-9242CBC26A19}.CodeAnalysis.Managed|x64.ActiveCfg = Release|x64
		{A0585FAB-548F-44B3-BCBE-9242CBC26A19}.CodeAnalysis.Managed|x86.ActiveCfg = Release|Win32
		{A0585FAB-548F-44B3-BCBE-9242CBC26A19}.CodeAnalysis.Native|Any CPU.ActiveCfg = Release|Win32
		{A0585FAB-548F-44B3-BCBE-9242CBC26A19}.CodeAnalysis.Native|x64.ActiveCfg = Release|x64
		{A0585FAB-548F-44B3-BCBE-9242CBC26A19}.CodeAnalysis.Native|x64.Build.0 = Release|x64
		{A0585FAB-548F-44B3-BCBE-9242CBC26A19}.CodeAnalysis.Native|x86.ActiveCfg = Release|Win32
		{A0585FAB-548F-44B3-BCBE-9242CBC26A19}.CodeAnalysis.Native|x86.Build.0 = Release|Win32
		{A0585FAB-548F-44B3-BCBE-9242CBC26A19}.Debug|Any CPU.ActiveCfg = Debug|Win32
		{A0585FAB-548F-44B3-BCBE-9242CBC26A19}.Debug|x64.ActiveCfg = Debug|x64
		{A0585FAB-548F-44B3-BCBE-9242CBC26A19}.Debug|x64.Build.0 = Debug|x64
		{A0585FAB-548F-44B3-BCBE-9242CBC26A19}.Debug|x86.ActiveCfg = Debug|Win32
		{A0585FAB-548F-44B3-BCBE-9242CBC26A19}.Debug|x86.Build.0 = Debug|Win32
		{A0585FAB-548F-44B3-BCBE-9242CBC26A19}.Release|Any CPU.ActiveCfg = Release|Win32
		{A0585FAB-548F-44B3-BCBE-9242CBC26A19}.Release|x64.ActiveCfg = Release|x64
		{A0585FAB-548F-44B3-BCBE-9242CBC26A19}.Release|x64.Build.0 = Release|x64
		{A0585FAB-548F-44B3-BCBE-9242CBC26A19}.Release|x86.ActiveCfg = Release|Win32
		{A0585FAB-548F-44B3-BCBE-9242CBC26A19}.Release|x86.Build.0 = Release|Win32
		{1C6954D1-1A98-4149-8D2C-B0D49D03A832}.CodeAnalysis.Managed|Any CPU.ActiveCfg = Release|Win32
		{1C6954D1-1A98-4149-8D2C-B0D49D03A832}.CodeAnalysis.Managed|x64.ActiveCfg = Release|x64
		{1C6954D1-1A98-4149-8D2C-B0D49D03A832}.CodeAnalysis.Managed|x86.ActiveCfg = Release|Win32
		{1C6954D1-1A98-4149-8D2C-B0D49D03A832}.CodeAnalysis.Native|Any CPU.ActiveCfg = Release|Win32
		{1C6954D1-1A98-4149-8D2C-B0D49D03A832}.CodeAnalysis.Native|x64.ActiveCfg = Release|x64
		{1C6954D1-1A98-4149-8D2C-B0D49D03A832}.CodeAnalysis.Native|x64.Build.0 = Release|x64
		{1C6954D1-1A98-4149-8D2C-B0D49D03A832}.CodeAnalysis.Native|x86.ActiveCfg = Release|Win32
		{1C6954D1-1A98-4149-8D2C-B0D49D03A832}.CodeAnalysis.Native|x86.Build.0 = Release|Win32
		{1C6954D1-1A98-4149-8D2C-B0D49D03A832}.Debug|Any CPU.ActiveCfg = Debug|Win32
		{1C6954D1-1A98-4149-8D2C-B0D49D03A832}.Debug|x64.ActiveCfg = Debug|x64
		{1C6954D1-1A98-4149-8D2C-B0D49D03A832}.Debug|x64.Build.0 = Debug|x64
		{1C6954D1-1A98-4149-8D2C-B0D49D03A832}.Debug|x86.ActiveCfg = Debug|Win32
		{1C6954D1-1A98-4149-8D2C-B0D49D03A832}.Debug|x86.Build.0 = Debug|Win32
		{1C6954D1-1A98-4149-8D2C-B0D49D03A832}.Release|Any CPU.ActiveCfg = Release|Win32
		{1C6954D1-1A98-4149-8D2C-B0D49D03A832}.Release|x64.ActiveCfg = Release|x64
		{1C6954D1-1A98-4149-8D2C-B0D49D03A832}.Release|x64.Build.0 = Release|x64
		{1C6954D1-1A98-4149-8D2C-B0D49D03A832}.Release|x86.ActiveCfg = Release|Win32
		{1C6954D1-1A98-4149-8D2C-B0D49D03A832}.Release|x86.Build.0 = Release|Win32
		{DAB53F24-D55A-4759-B100-5B7FEFBF6D08}.CodeAnalysis.Managed|Any CPU.ActiveCfg = Release|Win32
		{DAB53F24-D55A-4759-B100-5B7FEFBF6D08}.CodeAnalysis.Managed|x64.ActiveCfg = Release|x64
		{DAB53F24-D55A-4759-B100-5B7FEFBF6D08}.CodeAnalysis.Managed|x86.ActiveCfg = Release|Win32
		{DAB53F24-D55A-4759-B100-5B7FEFBF6D08}.CodeAnalysis.Native|Any CPU.ActiveCfg = Release|Win32
		{DAB53F24-D55A-4759-B100-5B7FEFBF6D08}.CodeAnalysis.Native|x64.ActiveCfg = Release|x64
		{DAB53F24-D55A-4759-B100-5B7FEFBF6D08}.CodeAnalysis.Native|x64.Build.0 = Release|x64
		{DAB53F24-D55A-4759-B100-5B7FEFBF6D08}.CodeAnalysis.Native|x86.ActiveCfg = Release|Win32
		{DAB53F24-D55A-4759-B100-5B7FEFBF6D08}.CodeAnalysis.Native|x86.Build.0 = Release|Win32
		{DAB53F24-D55A-4759-B100-5B7FEFBF6D08}.Debug|Any CPU.ActiveCfg = Debug|Win32
		{DAB53F24-D55A-4759-B100-5B7FEFBF6D08}.Debug|x64.ActiveCfg = Debug|x64
		{DAB53F24-D55A-4759-B100-5B7FEFBF6D08}.Debug|x64.Build.0 = Debug|x64
		{DAB53F24-D55A-4759-B100-5B7FEFBF6D08}.Debug|x86.ActiveCfg = Debug|Win32
		{DAB53F24-D55A-4759-B100-5B7FEFBF6D08}.Debug|x86.Build.0 = Debug|Win32
		{DAB53F24-D55A-4759-B100-5B7FEFBF6D08}.Release|Any CPU.ActiveCfg = Release|Win32
		{DAB53F24-D55A-4759-B100-5B7FEFBF6D08}.Release|x64.ActiveCfg = Release|x64
		{DAB53F24-D55A-4759-B100-5B7FEFBF6D08}.Release|x64.Build.0 = Release|x64
		{DAB53F24-D55A-4759-B100-5B7FEFBF6D08}.Release|x86.ActiveCfg = Release|Win32
		{DAB53F24-D55A-4759-B100-5B7FEFBF6D08}.Release|x86.Build.0 = Release|Win32
		{8F446E35-5683-4ABF-8F42-1C8EB5797A5B}.CodeAnalysis.Managed|Any CPU.ActiveCfg = Release|Any CPU
		{8F446E35-5683-4ABF-8F42-1C8EB5797A5B}.CodeAnalysis.Managed|Any CPU.Build.0 = Release|Any CPU
		{8F446E35-5683-4ABF-8F42-1C8EB5797A5B}.CodeAnalysis.Managed|x64.ActiveCfg = Release|Any CPU
		{8F446E35-5683-4ABF-8F42-1C8EB5797A5B}.CodeAnalysis.Managed|x86.ActiveCfg = Release|Any CPU
		{8F446E35-5683-4ABF-8F42-1C8EB5797A5B}.CodeAnalysis.Native|Any CPU.ActiveCfg = Release|Any CPU
		{8F446E35-5683-4ABF-8F42-1C8EB5797A5B}.CodeAnalysis.Native|x64.ActiveCfg = Release|Any CPU
		{8F446E35-5683-4ABF-8F42-1C8EB5797A5B}.CodeAnalysis.Native|x86.ActiveCfg = Release|Any CPU
		{8F446E35-5683-4ABF-8F42-1C8EB5797A5B}.Debug|Any CPU.ActiveCfg = Debug|Any CPU
		{8F446E35-5683-4ABF-8F42-1C8EB5797A5B}.Debug|Any CPU.Build.0 = Debug|Any CPU
		{8F446E35-5683-4ABF-8F42-1C8EB5797A5B}.Debug|x64.ActiveCfg = Debug|Any CPU
		{8F446E35-5683-4ABF-8F42-1C8EB5797A5B}.Debug|x86.ActiveCfg = Debug|Any CPU
		{8F446E35-5683-4ABF-8F42-1C8EB5797A5B}.Release|Any CPU.ActiveCfg = Release|Any CPU
		{8F446E35-5683-4ABF-8F42-1C8EB5797A5B}.Release|Any CPU.Build.0 = Release|Any CPU
		{8F446E35-5683-4ABF-8F42-1C8EB5797A5B}.Release|x64.ActiveCfg = Release|Any CPU
		{8F446E35-5683-4ABF-8F42-1C8EB5797A5B}.Release|x86.ActiveCfg = Release|Any CPU
		{9DFAD1B4-8F6D-483D-8932-00D2D8B87708}.CodeAnalysis.Managed|Any CPU.ActiveCfg = Release|Any CPU
		{9DFAD1B4-8F6D-483D-8932-00D2D8B87708}.CodeAnalysis.Managed|Any CPU.Build.0 = Release|Any CPU
		{9DFAD1B4-8F6D-483D-8932-00D2D8B87708}.CodeAnalysis.Managed|x64.ActiveCfg = Release|Any CPU
		{9DFAD1B4-8F6D-483D-8932-00D2D8B87708}.CodeAnalysis.Managed|x86.ActiveCfg = Release|Any CPU
		{9DFAD1B4-8F6D-483D-8932-00D2D8B87708}.CodeAnalysis.Native|Any CPU.ActiveCfg = Release|Any CPU
		{9DFAD1B4-8F6D-483D-8932-00D2D8B87708}.CodeAnalysis.Native|x64.ActiveCfg = Release|Any CPU
		{9DFAD1B4-8F6D-483D-8932-00D2D8B87708}.CodeAnalysis.Native|x86.ActiveCfg = Release|Any CPU
		{9DFAD1B4-8F6D-483D-8932-00D2D8B87708}.Debug|Any CPU.ActiveCfg = Debug|Any CPU
		{9DFAD1B4-8F6D-483D-8932-00D2D8B87708}.Debug|Any CPU.Build.0 = Debug|Any CPU
		{9DFAD1B4-8F6D-483D-8932-00D2D8B87708}.Debug|x64.ActiveCfg = Debug|Any CPU
		{9DFAD1B4-8F6D-483D-8932-00D2D8B87708}.Debug|x86.ActiveCfg = Debug|Any CPU
		{9DFAD1B4-8F6D-483D-8932-00D2D8B87708}.Release|Any CPU.ActiveCfg = Release|Any CPU
		{9DFAD1B4-8F6D-483D-8932-00D2D8B87708}.Release|Any CPU.Build.0 = Release|Any CPU
		{9DFAD1B4-8F6D-483D-8932-00D2D8B87708}.Release|x64.ActiveCfg = Release|Any CPU
		{9DFAD1B4-8F6D-483D-8932-00D2D8B87708}.Release|x86.ActiveCfg = Release|Any CPU
		{DF259ED5-4041-4089-8A55-D0C7E695EE3C}.CodeAnalysis.Managed|Any CPU.ActiveCfg = Release|Win32
		{DF259ED5-4041-4089-8A55-D0C7E695EE3C}.CodeAnalysis.Managed|x64.ActiveCfg = Release|x64
		{DF259ED5-4041-4089-8A55-D0C7E695EE3C}.CodeAnalysis.Managed|x86.ActiveCfg = Release|Win32
		{DF259ED5-4041-4089-8A55-D0C7E695EE3C}.CodeAnalysis.Native|Any CPU.ActiveCfg = Release|Win32
		{DF259ED5-4041-4089-8A55-D0C7E695EE3C}.CodeAnalysis.Native|x64.ActiveCfg = Release|x64
		{DF259ED5-4041-4089-8A55-D0C7E695EE3C}.CodeAnalysis.Native|x64.Build.0 = Release|x64
		{DF259ED5-4041-4089-8A55-D0C7E695EE3C}.CodeAnalysis.Native|x86.ActiveCfg = Release|Win32
		{DF259ED5-4041-4089-8A55-D0C7E695EE3C}.CodeAnalysis.Native|x86.Build.0 = Release|Win32
		{DF259ED5-4041-4089-8A55-D0C7E695EE3C}.Debug|Any CPU.ActiveCfg = Debug|Win32
		{DF259ED5-4041-4089-8A55-D0C7E695EE3C}.Debug|x64.ActiveCfg = Debug|x64
		{DF259ED5-4041-4089-8A55-D0C7E695EE3C}.Debug|x64.Build.0 = Debug|x64
		{DF259ED5-4041-4089-8A55-D0C7E695EE3C}.Debug|x86.ActiveCfg = Debug|Win32
		{DF259ED5-4041-4089-8A55-D0C7E695EE3C}.Debug|x86.Build.0 = Debug|Win32
		{DF259ED5-4041-4089-8A55-D0C7E695EE3C}.Release|Any CPU.ActiveCfg = Release|Win32
		{DF259ED5-4041-4089-8A55-D0C7E695EE3C}.Release|x64.ActiveCfg = Release|x64
		{DF259ED5-4041-4089-8A55-D0C7E695EE3C}.Release|x64.Build.0 = Release|x64
		{DF259ED5-4041-4089-8A55-D0C7E695EE3C}.Release|x86.ActiveCfg = Release|Win32
		{DF259ED5-4041-4089-8A55-D0C7E695EE3C}.Release|x86.Build.0 = Release|Win32
		{B1FFBD51-80A9-41D6-BC54-07B7E0DE7CF6}.CodeAnalysis.Managed|Any CPU.ActiveCfg = Release|x64
		{B1FFBD51-80A9-41D6-BC54-07B7E0DE7CF6}.CodeAnalysis.Managed|x64.ActiveCfg = Release|x64
		{B1FFBD51-80A9-41D6-BC54-07B7E0DE7CF6}.CodeAnalysis.Managed|x86.ActiveCfg = Release|Win32
		{B1FFBD51-80A9-41D6-BC54-07B7E0DE7CF6}.CodeAnalysis.Native|Any CPU.ActiveCfg = Release|x64
		{B1FFBD51-80A9-41D6-BC54-07B7E0DE7CF6}.CodeAnalysis.Native|x64.ActiveCfg = Release|x64
		{B1FFBD51-80A9-41D6-BC54-07B7E0DE7CF6}.CodeAnalysis.Native|x64.Build.0 = Release|x64
		{B1FFBD51-80A9-41D6-BC54-07B7E0DE7CF6}.CodeAnalysis.Native|x86.ActiveCfg = Release|Win32
		{B1FFBD51-80A9-41D6-BC54-07B7E0DE7CF6}.CodeAnalysis.Native|x86.Build.0 = Release|Win32
		{B1FFBD51-80A9-41D6-BC54-07B7E0DE7CF6}.Debug|Any CPU.ActiveCfg = Debug|Win32
		{B1FFBD51-80A9-41D6-BC54-07B7E0DE7CF6}.Debug|x64.ActiveCfg = Debug|x64
		{B1FFBD51-80A9-41D6-BC54-07B7E0DE7CF6}.Debug|x64.Build.0 = Debug|x64
		{B1FFBD51-80A9-41D6-BC54-07B7E0DE7CF6}.Debug|x86.ActiveCfg = Debug|Win32
		{B1FFBD51-80A9-41D6-BC54-07B7E0DE7CF6}.Debug|x86.Build.0 = Debug|Win32
		{B1FFBD51-80A9-41D6-BC54-07B7E0DE7CF6}.Release|Any CPU.ActiveCfg = Release|Win32
		{B1FFBD51-80A9-41D6-BC54-07B7E0DE7CF6}.Release|x64.ActiveCfg = Release|x64
		{B1FFBD51-80A9-41D6-BC54-07B7E0DE7CF6}.Release|x64.Build.0 = Release|x64
		{B1FFBD51-80A9-41D6-BC54-07B7E0DE7CF6}.Release|x86.ActiveCfg = Release|Win32
		{B1FFBD51-80A9-41D6-BC54-07B7E0DE7CF6}.Release|x86.Build.0 = Release|Win32
		{9F97B063-5ACF-409A-8DCC-4BD9FF817D1D}.CodeAnalysis.Managed|Any CPU.ActiveCfg = Release|Any CPU
		{9F97B063-5ACF-409A-8DCC-4BD9FF817D1D}.CodeAnalysis.Managed|Any CPU.Build.0 = Release|Any CPU
		{9F97B063-5ACF-409A-8DCC-4BD9FF817D1D}.CodeAnalysis.Managed|x64.ActiveCfg = Release|Any CPU
		{9F97B063-5ACF-409A-8DCC-4BD9FF817D1D}.CodeAnalysis.Managed|x86.ActiveCfg = Release|Any CPU
		{9F97B063-5ACF-409A-8DCC-4BD9FF817D1D}.CodeAnalysis.Native|Any CPU.ActiveCfg = Release|Any CPU
		{9F97B063-5ACF-409A-8DCC-4BD9FF817D1D}.CodeAnalysis.Native|x64.ActiveCfg = Release|Any CPU
		{9F97B063-5ACF-409A-8DCC-4BD9FF817D1D}.CodeAnalysis.Native|x64.Build.0 = Release|Any CPU
		{9F97B063-5ACF-409A-8DCC-4BD9FF817D1D}.CodeAnalysis.Native|x86.ActiveCfg = Release|Any CPU
		{9F97B063-5ACF-409A-8DCC-4BD9FF817D1D}.CodeAnalysis.Native|x86.Build.0 = Release|Any CPU
		{9F97B063-5ACF-409A-8DCC-4BD9FF817D1D}.Debug|Any CPU.ActiveCfg = Debug|Any CPU
		{9F97B063-5ACF-409A-8DCC-4BD9FF817D1D}.Debug|Any CPU.Build.0 = Debug|Any CPU
		{9F97B063-5ACF-409A-8DCC-4BD9FF817D1D}.Debug|x64.ActiveCfg = Debug|Any CPU
		{9F97B063-5ACF-409A-8DCC-4BD9FF817D1D}.Debug|x64.Build.0 = Debug|Any CPU
		{9F97B063-5ACF-409A-8DCC-4BD9FF817D1D}.Debug|x86.ActiveCfg = Debug|Any CPU
		{9F97B063-5ACF-409A-8DCC-4BD9FF817D1D}.Debug|x86.Build.0 = Debug|Any CPU
		{9F97B063-5ACF-409A-8DCC-4BD9FF817D1D}.Release|Any CPU.ActiveCfg = Release|Any CPU
		{9F97B063-5ACF-409A-8DCC-4BD9FF817D1D}.Release|Any CPU.Build.0 = Release|Any CPU
		{9F97B063-5ACF-409A-8DCC-4BD9FF817D1D}.Release|x64.ActiveCfg = Release|Any CPU
		{9F97B063-5ACF-409A-8DCC-4BD9FF817D1D}.Release|x64.Build.0 = Release|Any CPU
		{9F97B063-5ACF-409A-8DCC-4BD9FF817D1D}.Release|x86.ActiveCfg = Release|Any CPU
		{9F97B063-5ACF-409A-8DCC-4BD9FF817D1D}.Release|x86.Build.0 = Release|Any CPU
		{182D00C1-705F-4FF6-8620-8EEF29936C7A}.CodeAnalysis.Managed|Any CPU.ActiveCfg = Release|Any CPU
		{182D00C1-705F-4FF6-8620-8EEF29936C7A}.CodeAnalysis.Managed|Any CPU.Build.0 = Release|Any CPU
		{182D00C1-705F-4FF6-8620-8EEF29936C7A}.CodeAnalysis.Managed|x64.ActiveCfg = Release|Any CPU
		{182D00C1-705F-4FF6-8620-8EEF29936C7A}.CodeAnalysis.Managed|x86.ActiveCfg = Release|Any CPU
		{182D00C1-705F-4FF6-8620-8EEF29936C7A}.CodeAnalysis.Native|Any CPU.ActiveCfg = Release|Any CPU
		{182D00C1-705F-4FF6-8620-8EEF29936C7A}.CodeAnalysis.Native|Any CPU.Build.0 = Release|Any CPU
		{182D00C1-705F-4FF6-8620-8EEF29936C7A}.CodeAnalysis.Native|x64.ActiveCfg = Release|Any CPU
		{182D00C1-705F-4FF6-8620-8EEF29936C7A}.CodeAnalysis.Native|x86.ActiveCfg = Release|Any CPU
		{182D00C1-705F-4FF6-8620-8EEF29936C7A}.Debug|Any CPU.ActiveCfg = Debug|Any CPU
		{182D00C1-705F-4FF6-8620-8EEF29936C7A}.Debug|Any CPU.Build.0 = Debug|Any CPU
		{182D00C1-705F-4FF6-8620-8EEF29936C7A}.Debug|x64.ActiveCfg = Debug|Any CPU
		{182D00C1-705F-4FF6-8620-8EEF29936C7A}.Debug|x64.Build.0 = Debug|Any CPU
		{182D00C1-705F-4FF6-8620-8EEF29936C7A}.Debug|x86.ActiveCfg = Debug|Any CPU
		{182D00C1-705F-4FF6-8620-8EEF29936C7A}.Debug|x86.Build.0 = Debug|Any CPU
		{182D00C1-705F-4FF6-8620-8EEF29936C7A}.Release|Any CPU.ActiveCfg = Release|Any CPU
		{182D00C1-705F-4FF6-8620-8EEF29936C7A}.Release|Any CPU.Build.0 = Release|Any CPU
		{182D00C1-705F-4FF6-8620-8EEF29936C7A}.Release|x64.ActiveCfg = Release|Any CPU
		{182D00C1-705F-4FF6-8620-8EEF29936C7A}.Release|x64.Build.0 = Release|Any CPU
		{182D00C1-705F-4FF6-8620-8EEF29936C7A}.Release|x86.ActiveCfg = Release|Any CPU
		{182D00C1-705F-4FF6-8620-8EEF29936C7A}.Release|x86.Build.0 = Release|Any CPU
		{F356AF58-F432-415D-BE13-44228F265CEF}.CodeAnalysis.Managed|Any CPU.ActiveCfg = Release|Any CPU
		{F356AF58-F432-415D-BE13-44228F265CEF}.CodeAnalysis.Managed|Any CPU.Build.0 = Release|Any CPU
		{F356AF58-F432-415D-BE13-44228F265CEF}.CodeAnalysis.Managed|x64.ActiveCfg = Release|Any CPU
		{F356AF58-F432-415D-BE13-44228F265CEF}.CodeAnalysis.Managed|x86.ActiveCfg = Release|Any CPU
		{F356AF58-F432-415D-BE13-44228F265CEF}.CodeAnalysis.Native|Any CPU.ActiveCfg = Release|Any CPU
		{F356AF58-F432-415D-BE13-44228F265CEF}.CodeAnalysis.Native|Any CPU.Build.0 = Release|Any CPU
		{F356AF58-F432-415D-BE13-44228F265CEF}.CodeAnalysis.Native|x64.ActiveCfg = Release|Any CPU
		{F356AF58-F432-415D-BE13-44228F265CEF}.CodeAnalysis.Native|x86.ActiveCfg = Release|Any CPU
		{F356AF58-F432-415D-BE13-44228F265CEF}.Debug|Any CPU.ActiveCfg = Debug|Any CPU
		{F356AF58-F432-415D-BE13-44228F265CEF}.Debug|Any CPU.Build.0 = Debug|Any CPU
		{F356AF58-F432-415D-BE13-44228F265CEF}.Debug|x64.ActiveCfg = Debug|Any CPU
		{F356AF58-F432-415D-BE13-44228F265CEF}.Debug|x64.Build.0 = Debug|Any CPU
		{F356AF58-F432-415D-BE13-44228F265CEF}.Debug|x86.ActiveCfg = Debug|Any CPU
		{F356AF58-F432-415D-BE13-44228F265CEF}.Debug|x86.Build.0 = Debug|Any CPU
		{F356AF58-F432-415D-BE13-44228F265CEF}.Release|Any CPU.ActiveCfg = Release|Any CPU
		{F356AF58-F432-415D-BE13-44228F265CEF}.Release|Any CPU.Build.0 = Release|Any CPU
		{F356AF58-F432-415D-BE13-44228F265CEF}.Release|x64.ActiveCfg = Release|Any CPU
		{F356AF58-F432-415D-BE13-44228F265CEF}.Release|x64.Build.0 = Release|Any CPU
		{F356AF58-F432-415D-BE13-44228F265CEF}.Release|x86.ActiveCfg = Release|Any CPU
		{F356AF58-F432-415D-BE13-44228F265CEF}.Release|x86.Build.0 = Release|Any CPU
	EndGlobalSection
	GlobalSection(SolutionProperties) = preSolution
		HideSolutionNode = FALSE
	EndGlobalSection
	GlobalSection(NestedProjects) = preSolution
		{DFC9E517-AF1A-4087-BB27-AD1A09602F4F} = {B4ADF020-7ACF-4A2B-B3FE-731006C1F30F}
		{939151FA-8324-4197-B5B4-EAE927BD2AEE} = {B4ADF020-7ACF-4A2B-B3FE-731006C1F30F}
		{B57B6529-7722-474E-BDF7-E4BE424E2555} = {D78E4349-0436-4C90-B2F3-70F19451EC16}
		{EAD25B2C-E362-4660-A2FD-AD82B7C1FD77} = {B57B6529-7722-474E-BDF7-E4BE424E2555}
		{E4D25B2C-E362-4660-A2FD-ADA2B7C1FD77} = {B57B6529-7722-474E-BDF7-E4BE424E2555}
		{C1AAA703-5E32-45C0-A69D-F46D1C659AE4} = {B57B6529-7722-474E-BDF7-E4BE424E2555}
		{7080E6B4-E73B-4D69-852A-3ADACDD4C065} = {D78E4349-0436-4C90-B2F3-70F19451EC16}
		{278F7EB8-4AE3-4F39-BF84-D481A353478B} = {7080E6B4-E73B-4D69-852A-3ADACDD4C065}
		{AFC55CC1-567F-4C8A-A801-638A673AFEB8} = {7080E6B4-E73B-4D69-852A-3ADACDD4C065}
		{9DFAD1B4-8F6D-483D-8932-00D2D8B87708} = {B4ADF020-7ACF-4A2B-B3FE-731006C1F30F}
		{CD7D46B4-FF0A-464D-A4D5-5B7E729DEB58} = {D78E4349-0436-4C90-B2F3-70F19451EC16}
		{DF259ED5-4041-4089-8A55-D0C7E695EE3C} = {CD7D46B4-FF0A-464D-A4D5-5B7E729DEB58}
		{B1FFBD51-80A9-41D6-BC54-07B7E0DE7CF6} = {CD7D46B4-FF0A-464D-A4D5-5B7E729DEB58}
		{9F97B063-5ACF-409A-8DCC-4BD9FF817D1D} = {CD7D46B4-FF0A-464D-A4D5-5B7E729DEB58}
		{182D00C1-705F-4FF6-8620-8EEF29936C7A} = {D78E4349-0436-4C90-B2F3-70F19451EC16}
		{F356AF58-F432-415D-BE13-44228F265CEF} = {D78E4349-0436-4C90-B2F3-70F19451EC16}
	EndGlobalSection
	GlobalSection(ExtensibilityGlobals) = postSolution
		SolutionGuid = {16628EC2-6C46-4DEF-B260-8848FC916254}
	EndGlobalSection
EndGlobal
